
Microsoft Visual Studio Solution File, Format Version 12.00
# Visual Studio 15
VisualStudioVersion = 15.0.27703.2047
MinimumVisualStudioVersion = 10.0.40219.1
Project("{FAE04EC0-301F-11D3-BF4B-00C04F79EFBC}") = "devops", "devops\devops.csproj", "{43DF0E44-3CC3-469C-A9EF-B98AA08C407E}"
EndProject
Global
	GlobalSection(SolutionConfigurationPlatforms) = preSolution
		Debug|Any CPU = Debug|Any CPU
		Release|Any CPU = Release|Any CPU
	EndGlobalSection
	GlobalSection(ProjectConfigurationPlatforms) = postSolution
		{43DF0E44-3CC3-469C-A9EF-B98AA08C407E}.Debug|Any CPU.ActiveCfg = Debug|Any CPU
		{43DF0E44-3CC3-469C-A9EF-B98AA08C407E}.Debug|Any CPU.Build.0 = Debug|Any CPU
		{43DF0E44-3CC3-469C-A9EF-B98AA08C407E}.Release|Any CPU.ActiveCfg = Release|Any CPU
		{43DF0E44-3CC3-469C-A9EF-B98AA08C407E}.Release|Any CPU.Build.0 = Release|Any CPU
	EndGlobalSection
	GlobalSection(SolutionProperties) = preSolution
		HideSolutionNode = FALSE
	EndGlobalSection
	GlobalSection(ExtensibilityGlobals) = postSolution
		SolutionGuid = {0ED6F952-7253-43A0-BB74-A2ED1A703167}
	EndGlobalSection
EndGlobal
